
Microsoft Visual Studio Solution File, Format Version 12.00
# Visual Studio Version 16
VisualStudioVersion = 16.0.30717.126
MinimumVisualStudioVersion = 10.0.40219.1
Project("{FAE04EC0-301F-11D3-BF4B-00C04F79EFBC}") = "CSGOAutoPlaces", "CSGOAutoPlaces.csproj", "{5B215D95-A41E-424B-8E3C-049401758A9A}"
EndProject
Global
	GlobalSection(SolutionConfigurationPlatforms) = preSolution
		Debug|Any CPU = Debug|Any CPU
		Release|Any CPU = Release|Any CPU
	EndGlobalSection
	GlobalSection(ProjectConfigurationPlatforms) = postSolution
		{5B215D95-A41E-424B-8E3C-049401758A9A}.Debug|Any CPU.ActiveCfg = Debug|Any CPU
		{5B215D95-A41E-424B-8E3C-049401758A9A}.Debug|Any CPU.Build.0 = Debug|Any CPU
		{5B215D95-A41E-424B-8E3C-049401758A9A}.Release|Any CPU.ActiveCfg = Release|Any CPU
		{5B215D95-A41E-424B-8E3C-049401758A9A}.Release|Any CPU.Build.0 = Release|Any CPU
	EndGlobalSection
	GlobalSection(SolutionProperties) = preSolution
		HideSolutionNode = FALSE
	EndGlobalSection
	GlobalSection(ExtensibilityGlobals) = postSolution
		SolutionGuid = {DCC21E27-9ED2-4968-8713-6D90327C392E}
	EndGlobalSection
EndGlobal
